// !$*UTF8*$!
{
	archiveVersion = 1;
	classes = {
	};
	objectVersion = 46;
	objects = {

/* Begin PBXBuildFile section */
		2004B46619CEE8C3008F9059 /* Foundation.framework in Frameworks */ = {isa = PBXBuildFile; fileRef = 2004B46519CEE8C3008F9059 /* Foundation.framework */; };
		2004B46819CEE8C3008F9059 /* CoreGraphics.framework in Frameworks */ = {isa = PBXBuildFile; fileRef = 2004B46719CEE8C3008F9059 /* CoreGraphics.framework */; };
		2004B46A19CEE8C3008F9059 /* UIKit.framework in Frameworks */ = {isa = PBXBuildFile; fileRef = 2004B46919CEE8C3008F9059 /* UIKit.framework */; };
		2004B47019CEE8C3008F9059 /* InfoPlist.strings in Resources */ = {isa = PBXBuildFile; fileRef = 2004B46E19CEE8C3008F9059 /* InfoPlist.strings */; };
		2004B47219CEE8C3008F9059 /* main.m in Sources */ = {isa = PBXBuildFile; fileRef = 2004B47119CEE8C3008F9059 /* main.m */; };
		2004B47619CEE8C3008F9059 /* AppDelegate.m in Sources */ = {isa = PBXBuildFile; fileRef = 2004B47519CEE8C3008F9059 /* AppDelegate.m */; };
		2004B47919CEE8C3008F9059 /* Main.storyboard in Resources */ = {isa = PBXBuildFile; fileRef = 2004B47719CEE8C3008F9059 /* Main.storyboard */; };
		2004B47C19CEE8C3008F9059 /* ViewController.m in Sources */ = {isa = PBXBuildFile; fileRef = 2004B47B19CEE8C3008F9059 /* ViewController.m */; };
		2004B47E19CEE8C3008F9059 /* Images.xcassets in Resources */ = {isa = PBXBuildFile; fileRef = 2004B47D19CEE8C3008F9059 /* Images.xcassets */; };
		2004B48519CEE8C3008F9059 /* XCTest.framework in Frameworks */ = {isa = PBXBuildFile; fileRef = 2004B48419CEE8C3008F9059 /* XCTest.framework */; };
		2004B48619CEE8C3008F9059 /* Foundation.framework in Frameworks */ = {isa = PBXBuildFile; fileRef = 2004B46519CEE8C3008F9059 /* Foundation.framework */; };
		2004B48719CEE8C3008F9059 /* UIKit.framework in Frameworks */ = {isa = PBXBuildFile; fileRef = 2004B46919CEE8C3008F9059 /* UIKit.framework */; };
		2004B48F19CEE8C3008F9059 /* InfoPlist.strings in Resources */ = {isa = PBXBuildFile; fileRef = 2004B48D19CEE8C3008F9059 /* InfoPlist.strings */; };
		2004B49119CEE8C3008F9059 /* test0921Tests.m in Sources */ = {isa = PBXBuildFile; fileRef = 2004B49019CEE8C3008F9059 /* test0921Tests.m */; };
		2004B4A919CEEFAF008F9059 /* back1.png in Resources */ = {isa = PBXBuildFile; fileRef = 2004B49B19CEEFAF008F9059 /* back1.png */; };
		2004B4AA19CEEFAF008F9059 /* back2.png in Resources */ = {isa = PBXBuildFile; fileRef = 2004B49C19CEEFAF008F9059 /* back2.png */; };
		2004B4AB19CEEFAF008F9059 /* back3.png in Resources */ = {isa = PBXBuildFile; fileRef = 2004B49D19CEEFAF008F9059 /* back3.png */; };
		2004B4AC19CEEFAF008F9059 /* back4.png in Resources */ = {isa = PBXBuildFile; fileRef = 2004B49E19CEEFAF008F9059 /* back4.png */; };
		2004B4AD19CEEFAF008F9059 /* back5.png in Resources */ = {isa = PBXBuildFile; fileRef = 2004B49F19CEEFAF008F9059 /* back5.png */; };
		2004B4AE19CEEFAF008F9059 /* hoshi01.png in Resources */ = {isa = PBXBuildFile; fileRef = 2004B4A119CEEFAF008F9059 /* hoshi01.png */; };
		2004B4AF19CEEFAF008F9059 /* hoshi11.png in Resources */ = {isa = PBXBuildFile; fileRef = 2004B4A219CEEFAF008F9059 /* hoshi11.png */; };
		2004B4B019CEEFAF008F9059 /* hoshi12.png in Resources */ = {isa = PBXBuildFile; fileRef = 2004B4A319CEEFAF008F9059 /* hoshi12.png */; };
		2004B4B119CEEFAF008F9059 /* hoshi13.png in Resources */ = {isa = PBXBuildFile; fileRef = 2004B4A419CEEFAF008F9059 /* hoshi13.png */; };
		2004B4B219CEEFAF008F9059 /* hoshi21.png in Resources */ = {isa = PBXBuildFile; fileRef = 2004B4A519CEEFAF008F9059 /* hoshi21.png */; };
		2004B4B319CEEFAF008F9059 /* hoshi22.png in Resources */ = {isa = PBXBuildFile; fileRef = 2004B4A619CEEFAF008F9059 /* hoshi22.png */; };
		2004B4B419CEEFAF008F9059 /* hoshi23.png in Resources */ = {isa = PBXBuildFile; fileRef = 2004B4A719CEEFAF008F9059 /* hoshi23.png */; };
		2004B4B519CEEFAF008F9059 /* hoshi99.png in Resources */ = {isa = PBXBuildFile; fileRef = 2004B4A819CEEFAF008F9059 /* hoshi99.png */; };
		2004B4B819CEF5FC008F9059 /* DragView.m in Sources */ = {isa = PBXBuildFile; fileRef = 2004B4B719CEF5FC008F9059 /* DragView.m */; };
/* End PBXBuildFile section */

/* Begin PBXContainerItemProxy section */
		2004B48819CEE8C3008F9059 /* PBXContainerItemProxy */ = {
			isa = PBXContainerItemProxy;
			containerPortal = 2004B45A19CEE8C2008F9059 /* Project object */;
			proxyType = 1;
			remoteGlobalIDString = 2004B46119CEE8C2008F9059;
			remoteInfo = test0921;
		};
/* End PBXContainerItemProxy section */

/* Begin PBXFileReference section */
		2004B46219CEE8C3008F9059 /* test0921.app */ = {isa = PBXFileReference; explicitFileType = wrapper.application; includeInIndex = 0; path = test0921.app; sourceTree = BUILT_PRODUCTS_DIR; };
		2004B46519CEE8C3008F9059 /* Foundation.framework */ = {isa = PBXFileReference; lastKnownFileType = wrapper.framework; name = Foundation.framework; path = System/Library/Frameworks/Foundation.framework; sourceTree = SDKROOT; };
		2004B46719CEE8C3008F9059 /* CoreGraphics.framework */ = {isa = PBXFileReference; lastKnownFileType = wrapper.framework; name = CoreGraphics.framework; path = System/Library/Frameworks/CoreGraphics.framework; sourceTree = SDKROOT; };
		2004B46919CEE8C3008F9059 /* UIKit.framework */ = {isa = PBXFileReference; lastKnownFileType = wrapper.framework; name = UIKit.framework; path = System/Library/Frameworks/UIKit.framework; sourceTree = SDKROOT; };
		2004B46D19CEE8C3008F9059 /* test0921-Info.plist */ = {isa = PBXFileReference; lastKnownFileType = text.plist.xml; path = "test0921-Info.plist"; sourceTree = "<group>"; };
		2004B46F19CEE8C3008F9059 /* en */ = {isa = PBXFileReference; lastKnownFileType = text.plist.strings; name = en; path = en.lproj/InfoPlist.strings; sourceTree = "<group>"; };
		2004B47119CEE8C3008F9059 /* main.m */ = {isa = PBXFileReference; lastKnownFileType = sourcecode.c.objc; path = main.m; sourceTree = "<group>"; };
		2004B47319CEE8C3008F9059 /* test0921-Prefix.pch */ = {isa = PBXFileReference; lastKnownFileType = sourcecode.c.h; path = "test0921-Prefix.pch"; sourceTree = "<group>"; };
		2004B47419CEE8C3008F9059 /* AppDelegate.h */ = {isa = PBXFileReference; lastKnownFileType = sourcecode.c.h; path = AppDelegate.h; sourceTree = "<group>"; };
		2004B47519CEE8C3008F9059 /* AppDelegate.m */ = {isa = PBXFileReference; lastKnownFileType = sourcecode.c.objc; path = AppDelegate.m; sourceTree = "<group>"; };
		2004B47819CEE8C3008F9059 /* Base */ = {isa = PBXFileReference; lastKnownFileType = file.storyboard; name = Base; path = Base.lproj/Main.storyboard; sourceTree = "<group>"; };
		2004B47A19CEE8C3008F9059 /* ViewController.h */ = {isa = PBXFileReference; lastKnownFileType = sourcecode.c.h; path = ViewController.h; sourceTree = "<group>"; };
		2004B47B19CEE8C3008F9059 /* ViewController.m */ = {isa = PBXFileReference; lastKnownFileType = sourcecode.c.objc; path = ViewController.m; sourceTree = "<group>"; };
		2004B47D19CEE8C3008F9059 /* Images.xcassets */ = {isa = PBXFileReference; lastKnownFileType = folder.assetcatalog; path = Images.xcassets; sourceTree = "<group>"; };
		2004B48319CEE8C3008F9059 /* test0921Tests.xctest */ = {isa = PBXFileReference; explicitFileType = wrapper.cfbundle; includeInIndex = 0; path = test0921Tests.xctest; sourceTree = BUILT_PRODUCTS_DIR; };
		2004B48419CEE8C3008F9059 /* XCTest.framework */ = {isa = PBXFileReference; lastKnownFileType = wrapper.framework; name = XCTest.framework; path = Library/Frameworks/XCTest.framework; sourceTree = DEVELOPER_DIR; };
		2004B48C19CEE8C3008F9059 /* test0921Tests-Info.plist */ = {isa = PBXFileReference; lastKnownFileType = text.plist.xml; path = "test0921Tests-Info.plist"; sourceTree = "<group>"; };
		2004B48E19CEE8C3008F9059 /* en */ = {isa = PBXFileReference; lastKnownFileType = text.plist.strings; name = en; path = en.lproj/InfoPlist.strings; sourceTree = "<group>"; };
		2004B49019CEE8C3008F9059 /* test0921Tests.m */ = {isa = PBXFileReference; lastKnownFileType = sourcecode.c.objc; path = test0921Tests.m; sourceTree = "<group>"; };
		2004B49B19CEEFAF008F9059 /* back1.png */ = {isa = PBXFileReference; lastKnownFileType = image.png; path = back1.png; sourceTree = "<group>"; };
		2004B49C19CEEFAF008F9059 /* back2.png */ = {isa = PBXFileReference; lastKnownFileType = image.png; path = back2.png; sourceTree = "<group>"; };
		2004B49D19CEEFAF008F9059 /* back3.png */ = {isa = PBXFileReference; lastKnownFileType = image.png; path = back3.png; sourceTree = "<group>"; };
		2004B49E19CEEFAF008F9059 /* back4.png */ = {isa = PBXFileReference; lastKnownFileType = image.png; path = back4.png; sourceTree = "<group>"; };
		2004B49F19CEEFAF008F9059 /* back5.png */ = {isa = PBXFileReference; lastKnownFileType = image.png; path = back5.png; sourceTree = "<group>"; };
		2004B4A119CEEFAF008F9059 /* hoshi01.png */ = {isa = PBXFileReference; lastKnownFileType = image.png; path = hoshi01.png; sourceTree = "<group>"; };
		2004B4A219CEEFAF008F9059 /* hoshi11.png */ = {isa = PBXFileReference; lastKnownFileType = image.png; path = hoshi11.png; sourceTree = "<group>"; };
		2004B4A319CEEFAF008F9059 /* hoshi12.png */ = {isa = PBXFileReference; lastKnownFileType = image.png; path = hoshi12.png; sourceTree = "<group>"; };
		2004B4A419CEEFAF008F9059 /* hoshi13.png */ = {isa = PBXFileReference; lastKnownFileType = image.png; path = hoshi13.png; sourceTree = "<group>"; };
		2004B4A519CEEFAF008F9059 /* hoshi21.png */ = {isa = PBXFileReference; lastKnownFileType = image.png; path = hoshi21.png; sourceTree = "<group>"; };
		2004B4A619CEEFAF008F9059 /* hoshi22.png */ = {isa = PBXFileReference; lastKnownFileType = image.png; path = hoshi22.png; sourceTree = "<group>"; };
		2004B4A719CEEFAF008F9059 /* hoshi23.png */ = {isa = PBXFileReference; lastKnownFileType = image.png; path = hoshi23.png; sourceTree = "<group>"; };
		2004B4A819CEEFAF008F9059 /* hoshi99.png */ = {isa = PBXFileReference; lastKnownFileType = image.png; path = hoshi99.png; sourceTree = "<group>"; };
		2004B4B619CEF5FC008F9059 /* DragView.h */ = {isa = PBXFileReference; fileEncoding = 4; lastKnownFileType = sourcecode.c.h; path = DragView.h; sourceTree = "<group>"; };
		2004B4B719CEF5FC008F9059 /* DragView.m */ = {isa = PBXFileReference; fileEncoding = 4; lastKnownFileType = sourcecode.c.objc; path = DragView.m; sourceTree = "<group>"; };
/* End PBXFileReference section */

/* Begin PBXFrameworksBuildPhase section */
		2004B45F19CEE8C2008F9059 /* Frameworks */ = {
			isa = PBXFrameworksBuildPhase;
			buildActionMask = 2147483647;
			files = (
				2004B46819CEE8C3008F9059 /* CoreGraphics.framework in Frameworks */,
				2004B46A19CEE8C3008F9059 /* UIKit.framework in Frameworks */,
				2004B46619CEE8C3008F9059 /* Foundation.framework in Frameworks */,
			);
			runOnlyForDeploymentPostprocessing = 0;
		};
		2004B48019CEE8C3008F9059 /* Frameworks */ = {
			isa = PBXFrameworksBuildPhase;
			buildActionMask = 2147483647;
			files = (
				2004B48519CEE8C3008F9059 /* XCTest.framework in Frameworks */,
				2004B48719CEE8C3008F9059 /* UIKit.framework in Frameworks */,
				2004B48619CEE8C3008F9059 /* Foundation.framework in Frameworks */,
			);
			runOnlyForDeploymentPostprocessing = 0;
		};
/* End PBXFrameworksBuildPhase section */

/* Begin PBXGroup section */
		2004B45919CEE8C2008F9059 = {
			isa = PBXGroup;
			children = (
				2004B46B19CEE8C3008F9059 /* test0921 */,
				2004B48A19CEE8C3008F9059 /* test0921Tests */,
				2004B46419CEE8C3008F9059 /* Frameworks */,
				2004B46319CEE8C3008F9059 /* Products */,
			);
			sourceTree = "<group>";
		};
		2004B46319CEE8C3008F9059 /* Products */ = {
			isa = PBXGroup;
			children = (
				2004B46219CEE8C3008F9059 /* test0921.app */,
				2004B48319CEE8C3008F9059 /* test0921Tests.xctest */,
			);
			name = Products;
			sourceTree = "<group>";
		};
		2004B46419CEE8C3008F9059 /* Frameworks */ = {
			isa = PBXGroup;
			children = (
				2004B46519CEE8C3008F9059 /* Foundation.framework */,
				2004B46719CEE8C3008F9059 /* CoreGraphics.framework */,
				2004B46919CEE8C3008F9059 /* UIKit.framework */,
				2004B48419CEE8C3008F9059 /* XCTest.framework */,
			);
			name = Frameworks;
			sourceTree = "<group>";
		};
		2004B46B19CEE8C3008F9059 /* test0921 */ = {
			isa = PBXGroup;
			children = (
				2004B49A19CEEFAF008F9059 /* background */,
				2004B4A019CEEFAF008F9059 /* stamps */,
				2004B47419CEE8C3008F9059 /* AppDelegate.h */,
				2004B47519CEE8C3008F9059 /* AppDelegate.m */,
				2004B47719CEE8C3008F9059 /* Main.storyboard */,
				2004B47A19CEE8C3008F9059 /* ViewController.h */,
				2004B47B19CEE8C3008F9059 /* ViewController.m */,
				2004B47D19CEE8C3008F9059 /* Images.xcassets */,
				2004B46C19CEE8C3008F9059 /* Supporting Files */,
				2004B4B619CEF5FC008F9059 /* DragView.h */,
				2004B4B719CEF5FC008F9059 /* DragView.m */,
			);
			path = test0921;
			sourceTree = "<group>";
		};
		2004B46C19CEE8C3008F9059 /* Supporting Files */ = {
			isa = PBXGroup;
			children = (
				2004B46D19CEE8C3008F9059 /* test0921-Info.plist */,
				2004B46E19CEE8C3008F9059 /* InfoPlist.strings */,
				2004B47119CEE8C3008F9059 /* main.m */,
				2004B47319CEE8C3008F9059 /* test0921-Prefix.pch */,
			);
			name = "Supporting Files";
			sourceTree = "<group>";
		};
		2004B48A19CEE8C3008F9059 /* test0921Tests */ = {
			isa = PBXGroup;
			children = (
				2004B49019CEE8C3008F9059 /* test0921Tests.m */,
				2004B48B19CEE8C3008F9059 /* Supporting Files */,
			);
			path = test0921Tests;
			sourceTree = "<group>";
		};
		2004B48B19CEE8C3008F9059 /* Supporting Files */ = {
			isa = PBXGroup;
			children = (
				2004B48C19CEE8C3008F9059 /* test0921Tests-Info.plist */,
				2004B48D19CEE8C3008F9059 /* InfoPlist.strings */,
			);
			name = "Supporting Files";
			sourceTree = "<group>";
		};
		2004B49A19CEEFAF008F9059 /* background */ = {
			isa = PBXGroup;
			children = (
				2004B49B19CEEFAF008F9059 /* back1.png */,
				2004B49C19CEEFAF008F9059 /* back2.png */,
				2004B49D19CEEFAF008F9059 /* back3.png */,
				2004B49E19CEEFAF008F9059 /* back4.png */,
				2004B49F19CEEFAF008F9059 /* back5.png */,
			);
			path = background;
			sourceTree = "<group>";
		};
		2004B4A019CEEFAF008F9059 /* stamps */ = {
			isa = PBXGroup;
			children = (
				2004B4A119CEEFAF008F9059 /* hoshi01.png */,
				2004B4A219CEEFAF008F9059 /* hoshi11.png */,
				2004B4A319CEEFAF008F9059 /* hoshi12.png */,
				2004B4A419CEEFAF008F9059 /* hoshi13.png */,
				2004B4A519CEEFAF008F9059 /* hoshi21.png */,
				2004B4A619CEEFAF008F9059 /* hoshi22.png */,
				2004B4A719CEEFAF008F9059 /* hoshi23.png */,
				2004B4A819CEEFAF008F9059 /* hoshi99.png */,
			);
			path = stamps;
			sourceTree = "<group>";
		};
/* End PBXGroup section */

/* Begin PBXNativeTarget section */
		2004B46119CEE8C2008F9059 /* test0921 */ = {
			isa = PBXNativeTarget;
			buildConfigurationList = 2004B49419CEE8C3008F9059 /* Build configuration list for PBXNativeTarget "test0921" */;
			buildPhases = (
				2004B45E19CEE8C2008F9059 /* Sources */,
				2004B45F19CEE8C2008F9059 /* Frameworks */,
				2004B46019CEE8C2008F9059 /* Resources */,
			);
			buildRules = (
			);
			dependencies = (
			);
			name = test0921;
			productName = test0921;
			productReference = 2004B46219CEE8C3008F9059 /* test0921.app */;
			productType = "com.apple.product-type.application";
		};
		2004B48219CEE8C3008F9059 /* test0921Tests */ = {
			isa = PBXNativeTarget;
			buildConfigurationList = 2004B49719CEE8C3008F9059 /* Build configuration list for PBXNativeTarget "test0921Tests" */;
			buildPhases = (
				2004B47F19CEE8C3008F9059 /* Sources */,
				2004B48019CEE8C3008F9059 /* Frameworks */,
				2004B48119CEE8C3008F9059 /* Resources */,
			);
			buildRules = (
			);
			dependencies = (
				2004B48919CEE8C3008F9059 /* PBXTargetDependency */,
			);
			name = test0921Tests;
			productName = test0921Tests;
			productReference = 2004B48319CEE8C3008F9059 /* test0921Tests.xctest */;
			productType = "com.apple.product-type.bundle.unit-test";
		};
/* End PBXNativeTarget section */

/* Begin PBXProject section */
		2004B45A19CEE8C2008F9059 /* Project object */ = {
			isa = PBXProject;
			attributes = {
				LastUpgradeCheck = 0510;
				ORGANIZATIONNAME = mycompany;
				TargetAttributes = {
					2004B48219CEE8C3008F9059 = {
						TestTargetID = 2004B46119CEE8C2008F9059;
					};
				};
			};
			buildConfigurationList = 2004B45D19CEE8C2008F9059 /* Build configuration list for PBXProject "test0921" */;
			compatibilityVersion = "Xcode 3.2";
			developmentRegion = English;
			hasScannedForEncodings = 0;
			knownRegions = (
				en,
				Base,
			);
			mainGroup = 2004B45919CEE8C2008F9059;
			productRefGroup = 2004B46319CEE8C3008F9059 /* Products */;
			projectDirPath = "";
			projectRoot = "";
			targets = (
				2004B46119CEE8C2008F9059 /* test0921 */,
				2004B48219CEE8C3008F9059 /* test0921Tests */,
			);
		};
/* End PBXProject section */

/* Begin PBXResourcesBuildPhase section */
		2004B46019CEE8C2008F9059 /* Resources */ = {
			isa = PBXResourcesBuildPhase;
			buildActionMask = 2147483647;
			files = (
				2004B4AB19CEEFAF008F9059 /* back3.png in Resources */,
				2004B4AF19CEEFAF008F9059 /* hoshi11.png in Resources */,
				2004B4B419CEEFAF008F9059 /* hoshi23.png in Resources */,
				2004B47E19CEE8C3008F9059 /* Images.xcassets in Resources */,
				2004B4AE19CEEFAF008F9059 /* hoshi01.png in Resources */,
				2004B4AD19CEEFAF008F9059 /* back5.png in Resources */,
				2004B4B219CEEFAF008F9059 /* hoshi21.png in Resources */,
				2004B4B119CEEFAF008F9059 /* hoshi13.png in Resources */,
				2004B4AC19CEEFAF008F9059 /* back4.png in Resources */,
				2004B47019CEE8C3008F9059 /* InfoPlist.strings in Resources */,
				2004B4A919CEEFAF008F9059 /* back1.png in Resources */,
				2004B4B519CEEFAF008F9059 /* hoshi99.png in Resources */,
				2004B47919CEE8C3008F9059 /* Main.storyboard in Resources */,
				2004B4B319CEEFAF008F9059 /* hoshi22.png in Resources */,
				2004B4B019CEEFAF008F9059 /* hoshi12.png in Resources */,
				2004B4AA19CEEFAF008F9059 /* back2.png in Resources */,
			);
			runOnlyForDeploymentPostprocessing = 0;
		};
		2004B48119CEE8C3008F9059 /* Resources */ = {
			isa = PBXResourcesBuildPhase;
			buildActionMask = 2147483647;
			files = (
				2004B48F19CEE8C3008F9059 /* InfoPlist.strings in Resources */,
			);
			runOnlyForDeploymentPostprocessing = 0;
		};
/* End PBXResourcesBuildPhase section */

/* Begin PBXSourcesBuildPhase section */
		2004B45E19CEE8C2008F9059 /* Sources */ = {
			isa = PBXSourcesBuildPhase;
			buildActionMask = 2147483647;
			files = (
				2004B47C19CEE8C3008F9059 /* ViewController.m in Sources */,
				2004B47619CEE8C3008F9059 /* AppDelegate.m in Sources */,
				2004B4B819CEF5FC008F9059 /* DragView.m in Sources */,
				2004B47219CEE8C3008F9059 /* main.m in Sources */,
			);
			runOnlyForDeploymentPostprocessing = 0;
		};
		2004B47F19CEE8C3008F9059 /* Sources */ = {
			isa = PBXSourcesBuildPhase;
			buildActionMask = 2147483647;
			files = (
				2004B49119CEE8C3008F9059 /* test0921Tests.m in Sources */,
			);
			runOnlyForDeploymentPostprocessing = 0;
		};
/* End PBXSourcesBuildPhase section */

/* Begin PBXTargetDependency section */
		2004B48919CEE8C3008F9059 /* PBXTargetDependency */ = {
			isa = PBXTargetDependency;
			target = 2004B46119CEE8C2008F9059 /* test0921 */;
			targetProxy = 2004B48819CEE8C3008F9059 /* PBXContainerItemProxy */;
		};
/* End PBXTargetDependency section */

/* Begin PBXVariantGroup section */
		2004B46E19CEE8C3008F9059 /* InfoPlist.strings */ = {
			isa = PBXVariantGroup;
			children = (
				2004B46F19CEE8C3008F9059 /* en */,
			);
			name = InfoPlist.strings;
			sourceTree = "<group>";
		};
		2004B47719CEE8C3008F9059 /* Main.storyboard */ = {
			isa = PBXVariantGroup;
			children = (
				2004B47819CEE8C3008F9059 /* Base */,
			);
			name = Main.storyboard;
			sourceTree = "<group>";
		};
		2004B48D19CEE8C3008F9059 /* InfoPlist.strings */ = {
			isa = PBXVariantGroup;
			children = (
				2004B48E19CEE8C3008F9059 /* en */,
			);
			name = InfoPlist.strings;
			sourceTree = "<group>";
		};
/* End PBXVariantGroup section */

/* Begin XCBuildConfiguration section */
		2004B49219CEE8C3008F9059 /* Debug */ = {
			isa = XCBuildConfiguration;
			buildSettings = {
				ALWAYS_SEARCH_USER_PATHS = NO;
				CLANG_CXX_LANGUAGE_STANDARD = "gnu++0x";
				CLANG_CXX_LIBRARY = "libc++";
				CLANG_ENABLE_MODULES = YES;
				CLANG_ENABLE_OBJC_ARC = YES;
				CLANG_WARN_BOOL_CONVERSION = YES;
				CLANG_WARN_CONSTANT_CONVERSION = YES;
				CLANG_WARN_DIRECT_OBJC_ISA_USAGE = YES_ERROR;
				CLANG_WARN_EMPTY_BODY = YES;
				CLANG_WARN_ENUM_CONVERSION = YES;
				CLANG_WARN_INT_CONVERSION = YES;
				CLANG_WARN_OBJC_ROOT_CLASS = YES_ERROR;
				CLANG_WARN__DUPLICATE_METHOD_MATCH = YES;
				"CODE_SIGN_IDENTITY[sdk=iphoneos*]" = "iPhone Developer";
				COPY_PHASE_STRIP = NO;
				GCC_C_LANGUAGE_STANDARD = gnu99;
				GCC_DYNAMIC_NO_PIC = NO;
				GCC_OPTIMIZATION_LEVEL = 0;
				GCC_PREPROCESSOR_DEFINITIONS = (
					"DEBUG=1",
					"$(inherited)",
				);
				GCC_SYMBOLS_PRIVATE_EXTERN = NO;
				GCC_WARN_64_TO_32_BIT_CONVERSION = YES;
				GCC_WARN_ABOUT_RETURN_TYPE = YES_ERROR;
				GCC_WARN_UNDECLARED_SELECTOR = YES;
				GCC_WARN_UNINITIALIZED_AUTOS = YES_AGGRESSIVE;
				GCC_WARN_UNUSED_FUNCTION = YES;
				GCC_WARN_UNUSED_VARIABLE = YES;
				IPHONEOS_DEPLOYMENT_TARGET = 7.1;
				ONLY_ACTIVE_ARCH = YES;
				SDKROOT = iphoneos;
			};
			name = Debug;
		};
		2004B49319CEE8C3008F9059 /* Release */ = {
			isa = XCBuildConfiguration;
			buildSettings = {
				ALWAYS_SEARCH_USER_PATHS = NO;
				CLANG_CXX_LANGUAGE_STANDARD = "gnu++0x";
				CLANG_CXX_LIBRARY = "libc++";
				CLANG_ENABLE_MODULES = YES;
				CLANG_ENABLE_OBJC_ARC = YES;
				CLANG_WARN_BOOL_CONVERSION = YES;
				CLANG_WARN_CONSTANT_CONVERSION = YES;
				CLANG_WARN_DIRECT_OBJC_ISA_USAGE = YES_ERROR;
				CLANG_WARN_EMPTY_BODY = YES;
				CLANG_WARN_ENUM_CONVERSION = YES;
				CLANG_WARN_INT_CONVERSION = YES;
				CLANG_WARN_OBJC_ROOT_CLASS = YES_ERROR;
				CLANG_WARN__DUPLICATE_METHOD_MATCH = YES;
				"CODE_SIGN_IDENTITY[sdk=iphoneos*]" = "iPhone Developer";
				COPY_PHASE_STRIP = YES;
				ENABLE_NS_ASSERTIONS = NO;
				GCC_C_LANGUAGE_STANDARD = gnu99;
				GCC_WARN_64_TO_32_BIT_CONVERSION = YES;
				GCC_WARN_ABOUT_RETURN_TYPE = YES_ERROR;
				GCC_WARN_UNDECLARED_SELECTOR = YES;
				GCC_WARN_UNINITIALIZED_AUTOS = YES_AGGRESSIVE;
				GCC_WARN_UNUSED_FUNCTION = YES;
				GCC_WARN_UNUSED_VARIABLE = YES;
				IPHONEOS_DEPLOYMENT_TARGET = 7.1;
				SDKROOT = iphoneos;
				VALIDATE_PRODUCT = YES;
			};
			name = Release;
		};
		2004B49519CEE8C3008F9059 /* Debug */ = {
			isa = XCBuildConfiguration;
			buildSettings = {
				ASSETCATALOG_COMPILER_APPICON_NAME = AppIcon;
				ASSETCATALOG_COMPILER_LAUNCHIMAGE_NAME = LaunchImage;
				GCC_PRECOMPILE_PREFIX_HEADER = YES;
				GCC_PREFIX_HEADER = "test0921/test0921-Prefix.pch";
				INFOPLIST_FILE = "test0921/test0921-Info.plist";
				PRODUCT_NAME = "$(TARGET_NAME)";
				WRAPPER_EXTENSION = app;
			};
			name = Debug;
		};
		2004B49619CEE8C3008F9059 /* Release */ = {
			isa = XCBuildConfiguration;
			buildSettings = {
				ASSETCATALOG_COMPILER_APPICON_NAME = AppIcon;
				ASSETCATALOG_COMPILER_LAUNCHIMAGE_NAME = LaunchImage;
				GCC_PRECOMPILE_PREFIX_HEADER = YES;
				GCC_PREFIX_HEADER = "test0921/test0921-Prefix.pch";
				INFOPLIST_FILE = "test0921/test0921-Info.plist";
				PRODUCT_NAME = "$(TARGET_NAME)";
				WRAPPER_EXTENSION = app;
			};
			name = Release;
		};
		2004B49819CEE8C3008F9059 /* Debug */ = {
			isa = XCBuildConfiguration;
			buildSettings = {
				BUNDLE_LOADER = "$(BUILT_PRODUCTS_DIR)/test0921.app/test0921";
				FRAMEWORK_SEARCH_PATHS = (
					"$(SDKROOT)/Developer/Library/Frameworks",
					"$(inherited)",
					"$(DEVELOPER_FRAMEWORKS_DIR)",
				);
				GCC_PRECOMPILE_PREFIX_HEADER = YES;
				GCC_PREFIX_HEADER = "test0921/test0921-Prefix.pch";
				GCC_PREPROCESSOR_DEFINITIONS = (
					"DEBUG=1",
					"$(inherited)",
				);
				INFOPLIST_FILE = "test0921Tests/test0921Tests-Info.plist";
				PRODUCT_NAME = "$(TARGET_NAME)";
				TEST_HOST = "$(BUNDLE_LOADER)";
				WRAPPER_EXTENSION = xctest;
			};
			name = Debug;
		};
		2004B49919CEE8C3008F9059 /* Release */ = {
			isa = XCBuildConfiguration;
			buildSettings = {
				BUNDLE_LOADER = "$(BUILT_PRODUCTS_DIR)/test0921.app/test0921";
				FRAMEWORK_SEARCH_PATHS = (
					"$(SDKROOT)/Developer/Library/Frameworks",
					"$(inherited)",
					"$(DEVELOPER_FRAMEWORKS_DIR)",
				);
				GCC_PRECOMPILE_PREFIX_HEADER = YES;
				GCC_PREFIX_HEADER = "test0921/test0921-Prefix.pch";
				INFOPLIST_FILE = "test0921Tests/test0921Tests-Info.plist";
				PRODUCT_NAME = "$(TARGET_NAME)";
				TEST_HOST = "$(BUNDLE_LOADER)";
				WRAPPER_EXTENSION = xctest;
			};
			name = Release;
		};
/* End XCBuildConfiguration section */

/* Begin XCConfigurationList section */
		2004B45D19CEE8C2008F9059 /* Build configuration list for PBXProject "test0921" */ = {
			isa = XCConfigurationList;
			buildConfigurations = (
				2004B49219CEE8C3008F9059 /* Debug */,
				2004B49319CEE8C3008F9059 /* Release */,
			);
			defaultConfigurationIsVisible = 0;
			defaultConfigurationName = Release;
		};
		2004B49419CEE8C3008F9059 /* Build configuration list for PBXNativeTarget "test0921" */ = {
			isa = XCConfigurationList;
			buildConfigurations = (
				2004B49519CEE8C3008F9059 /* Debug */,
				2004B49619CEE8C3008F9059 /* Release */,
			);
			defaultConfigurationIsVisible = 0;
		};
		2004B49719CEE8C3008F9059 /* Build configuration list for PBXNativeTarget "test0921Tests" */ = {
			isa = XCConfigurationList;
			buildConfigurations = (
				2004B49819CEE8C3008F9059 /* Debug */,
				2004B49919CEE8C3008F9059 /* Release */,
			);
			defaultConfigurationIsVisible = 0;
		};
/* End XCConfigurationList section */
	};
	rootObject = 2004B45A19CEE8C2008F9059 /* Project object */;
}
